// !$*UTF8*$!
{
	archiveVersion = 1;
	classes = {
	};
	objectVersion = 46;
	objects = {

/* Begin PBXBuildFile section */
		CC44B0A91DC7B72C0055E7EA /* AppDelegate.swift in Sources */ = {isa = PBXBuildFile; fileRef = CC44B09E1DC7B72C0055E7EA /* AppDelegate.swift */; };
		CC44B0AB1DC7B72C0055E7EA /* Assets.xcassets in Resources */ = {isa = PBXBuildFile; fileRef = CC44B0A31DC7B72C0055E7EA /* Assets.xcassets */; };
		CC44B0AC1DC7B72C0055E7EA /* LaunchScreen.storyboard in Resources */ = {isa = PBXBuildFile; fileRef = CC44B0A51DC7B72C0055E7EA /* LaunchScreen.storyboard */; };
		CC44B0AD1DC7B72C0055E7EA /* Notes.storyboard in Resources */ = {isa = PBXBuildFile; fileRef = CC44B0A61DC7B72C0055E7EA /* Notes.storyboard */; };
		CC44B0B11DC7B7E10055E7EA /* CoreDataManager.swift in Sources */ = {isa = PBXBuildFile; fileRef = CC44B0B01DC7B7E10055E7EA /* CoreDataManager.swift */; };
		CC44B0B51DC7B9CA0055E7EA /* Notes.xcdatamodeld in Sources */ = {isa = PBXBuildFile; fileRef = CC44B0B31DC7B9CA0055E7EA /* Notes.xcdatamodeld */; };
		CC647E881DCB4D2A003C872A /* AddNoteViewController.swift in Sources */ = {isa = PBXBuildFile; fileRef = CC647E811DCB4D2A003C872A /* AddNoteViewController.swift */; };
		CC647E891DCB4D2A003C872A /* NoteViewController.swift in Sources */ = {isa = PBXBuildFile; fileRef = CC647E831DCB4D2A003C872A /* NoteViewController.swift */; };
		CC647E8A1DCB4D2A003C872A /* NotesViewController.swift in Sources */ = {isa = PBXBuildFile; fileRef = CC647E851DCB4D2A003C872A /* NotesViewController.swift */; };
		CC647E8B1DCB4D2A003C872A /* NoteTableViewCell.swift in Sources */ = {isa = PBXBuildFile; fileRef = CC647E871DCB4D2A003C872A /* NoteTableViewCell.swift */; };
		CC647E8F1DCB4E20003C872A /* CategoryViewController.swift in Sources */ = {isa = PBXBuildFile; fileRef = CC647E8E1DCB4E20003C872A /* CategoryViewController.swift */; };
		CC647E921DCB4E4E003C872A /* CategoriesViewController.swift in Sources */ = {isa = PBXBuildFile; fileRef = CC647E911DCB4E4E003C872A /* CategoriesViewController.swift */; };
		CC647E951DCB4E95003C872A /* CategoryTableViewCell.swift in Sources */ = {isa = PBXBuildFile; fileRef = CC647E941DCB4E95003C872A /* CategoryTableViewCell.swift */; };
		CC647E9A1DCB4EF6003C872A /* Categories.storyboard in Resources */ = {isa = PBXBuildFile; fileRef = CC647E991DCB4EF6003C872A /* Categories.storyboard */; };
		CC647E9D1DCB59E5003C872A /* UIViewController.swift in Sources */ = {isa = PBXBuildFile; fileRef = CC647E9C1DCB59E5003C872A /* UIViewController.swift */; };
		CC647E9F1DCB6E3B003C872A /* UIColor.swift in Sources */ = {isa = PBXBuildFile; fileRef = CC647E9E1DCB6E3B003C872A /* UIColor.swift */; };
		CC6C13E81DCC4A2A001FBC87 /* ColorViewController.swift in Sources */ = {isa = PBXBuildFile; fileRef = CC6C13E71DCC4A2A001FBC87 /* ColorViewController.swift */; };
		CC6C13EC1DCC82D4001FBC87 /* Category.swift in Sources */ = {isa = PBXBuildFile; fileRef = CC6C13EB1DCC82D4001FBC87 /* Category.swift */; };
		CC6C13EF1DCC9084001FBC87 /* AddCategoryViewController.swift in Sources */ = {isa = PBXBuildFile; fileRef = CC6C13EE1DCC9084001FBC87 /* AddCategoryViewController.swift */; };
		CCED55FA1DCDB98400D3E951 /* TagsViewController.swift in Sources */ = {isa = PBXBuildFile; fileRef = CCED55F91DCDB98400D3E951 /* TagsViewController.swift */; };
		CCED55FD1DCDB9E400D3E951 /* TagViewController.swift in Sources */ = {isa = PBXBuildFile; fileRef = CCED55FC1DCDB9E400D3E951 /* TagViewController.swift */; };
		CCED56001DCDBA4900D3E951 /* AddTagViewController.swift in Sources */ = {isa = PBXBuildFile; fileRef = CCED55FF1DCDBA4900D3E951 /* AddTagViewController.swift */; };
		CCED56031DCDBAF800D3E951 /* TagTableViewCell.swift in Sources */ = {isa = PBXBuildFile; fileRef = CCED56021DCDBAF800D3E951 /* TagTableViewCell.swift */; };
		CCED56051DCDBD4100D3E951 /* Tags.storyboard in Resources */ = {isa = PBXBuildFile; fileRef = CCED56041DCDBD4100D3E951 /* Tags.storyboard */; };
		CCF53E171DC9F80700B4450B /* Note.swift in Sources */ = {isa = PBXBuildFile; fileRef = CCF53E161DC9F80700B4450B /* Note.swift */; };
/* End PBXBuildFile section */

/* Begin PBXFileReference section */
		CC44B0881DC7B6DB0055E7EA /* Notes.app */ = {isa = PBXFileReference; explicitFileType = wrapper.application; includeInIndex = 0; path = Notes.app; sourceTree = BUILT_PRODUCTS_DIR; };
		CC44B09E1DC7B72C0055E7EA /* AppDelegate.swift */ = {isa = PBXFileReference; fileEncoding = 4; lastKnownFileType = sourcecode.swift; path = AppDelegate.swift; sourceTree = "<group>"; };
		CC44B0A31DC7B72C0055E7EA /* Assets.xcassets */ = {isa = PBXFileReference; lastKnownFileType = folder.assetcatalog; path = Assets.xcassets; sourceTree = "<group>"; };
		CC44B0A51DC7B72C0055E7EA /* LaunchScreen.storyboard */ = {isa = PBXFileReference; fileEncoding = 4; lastKnownFileType = file.storyboard; path = LaunchScreen.storyboard; sourceTree = "<group>"; };
		CC44B0A61DC7B72C0055E7EA /* Notes.storyboard */ = {isa = PBXFileReference; fileEncoding = 4; lastKnownFileType = file.storyboard; path = Notes.storyboard; sourceTree = "<group>"; };
		CC44B0A81DC7B72C0055E7EA /* Info.plist */ = {isa = PBXFileReference; fileEncoding = 4; lastKnownFileType = text.plist.xml; path = Info.plist; sourceTree = "<group>"; };
		CC44B0B01DC7B7E10055E7EA /* CoreDataManager.swift */ = {isa = PBXFileReference; fileEncoding = 4; lastKnownFileType = sourcecode.swift; path = CoreDataManager.swift; sourceTree = "<group>"; };
		CC44B0B41DC7B9CA0055E7EA /* Notes.xcdatamodel */ = {isa = PBXFileReference; lastKnownFileType = wrapper.xcdatamodel; path = Notes.xcdatamodel; sourceTree = "<group>"; };
		CC647E811DCB4D2A003C872A /* AddNoteViewController.swift */ = {isa = PBXFileReference; fileEncoding = 4; lastKnownFileType = sourcecode.swift; path = AddNoteViewController.swift; sourceTree = "<group>"; };
		CC647E831DCB4D2A003C872A /* NoteViewController.swift */ = {isa = PBXFileReference; fileEncoding = 4; lastKnownFileType = sourcecode.swift; path = NoteViewController.swift; sourceTree = "<group>"; };
		CC647E851DCB4D2A003C872A /* NotesViewController.swift */ = {isa = PBXFileReference; fileEncoding = 4; lastKnownFileType = sourcecode.swift; path = NotesViewController.swift; sourceTree = "<group>"; };
		CC647E871DCB4D2A003C872A /* NoteTableViewCell.swift */ = {isa = PBXFileReference; fileEncoding = 4; lastKnownFileType = sourcecode.swift; path = NoteTableViewCell.swift; sourceTree = "<group>"; };
		CC647E8E1DCB4E20003C872A /* CategoryViewController.swift */ = {isa = PBXFileReference; fileEncoding = 4; lastKnownFileType = sourcecode.swift; path = CategoryViewController.swift; sourceTree = "<group>"; };
		CC647E911DCB4E4E003C872A /* CategoriesViewController.swift */ = {isa = PBXFileReference; fileEncoding = 4; lastKnownFileType = sourcecode.swift; path = CategoriesViewController.swift; sourceTree = "<group>"; };
		CC647E941DCB4E95003C872A /* CategoryTableViewCell.swift */ = {isa = PBXFileReference; fileEncoding = 4; lastKnownFileType = sourcecode.swift; path = CategoryTableViewCell.swift; sourceTree = "<group>"; };
		CC647E991DCB4EF6003C872A /* Categories.storyboard */ = {isa = PBXFileReference; fileEncoding = 4; lastKnownFileType = file.storyboard; path = Categories.storyboard; sourceTree = "<group>"; };
		CC647E9C1DCB59E5003C872A /* UIViewController.swift */ = {isa = PBXFileReference; fileEncoding = 4; lastKnownFileType = sourcecode.swift; path = UIViewController.swift; sourceTree = "<group>"; };
		CC647E9E1DCB6E3B003C872A /* UIColor.swift */ = {isa = PBXFileReference; fileEncoding = 4; lastKnownFileType = sourcecode.swift; path = UIColor.swift; sourceTree = "<group>"; };
		CC6C13E71DCC4A2A001FBC87 /* ColorViewController.swift */ = {isa = PBXFileReference; fileEncoding = 4; lastKnownFileType = sourcecode.swift; path = ColorViewController.swift; sourceTree = "<group>"; };
		CC6C13E91DCC524C001FBC87 /* Notes 2.xcdatamodel */ = {isa = PBXFileReference; lastKnownFileType = wrapper.xcdatamodel; path = "Notes 2.xcdatamodel"; sourceTree = "<group>"; };
		CC6C13EB1DCC82D4001FBC87 /* Category.swift */ = {isa = PBXFileReference; fileEncoding = 4; lastKnownFileType = sourcecode.swift; path = Category.swift; sourceTree = "<group>"; };
		CC6C13EE1DCC9084001FBC87 /* AddCategoryViewController.swift */ = {isa = PBXFileReference; fileEncoding = 4; lastKnownFileType = sourcecode.swift; path = AddCategoryViewController.swift; sourceTree = "<group>"; };
		CCED55F91DCDB98400D3E951 /* TagsViewController.swift */ = {isa = PBXFileReference; fileEncoding = 4; lastKnownFileType = sourcecode.swift; path = TagsViewController.swift; sourceTree = "<group>"; };
		CCED55FC1DCDB9E400D3E951 /* TagViewController.swift */ = {isa = PBXFileReference; fileEncoding = 4; lastKnownFileType = sourcecode.swift; path = TagViewController.swift; sourceTree = "<group>"; };
		CCED55FF1DCDBA4900D3E951 /* AddTagViewController.swift */ = {isa = PBXFileReference; fileEncoding = 4; lastKnownFileType = sourcecode.swift; path = AddTagViewController.swift; sourceTree = "<group>"; };
		CCED56021DCDBAF800D3E951 /* TagTableViewCell.swift */ = {isa = PBXFileReference; fileEncoding = 4; lastKnownFileType = sourcecode.swift; path = TagTableViewCell.swift; sourceTree = "<group>"; };
		CCED56041DCDBD4100D3E951 /* Tags.storyboard */ = {isa = PBXFileReference; fileEncoding = 4; lastKnownFileType = file.storyboard; path = Tags.storyboard; sourceTree = "<group>"; };
		CCF53E161DC9F80700B4450B /* Note.swift */ = {isa = PBXFileReference; fileEncoding = 4; lastKnownFileType = sourcecode.swift; path = Note.swift; sourceTree = "<group>"; };
/* End PBXFileReference section */

/* Begin PBXFrameworksBuildPhase section */
		CC44B0851DC7B6DB0055E7EA /* Frameworks */ = {
			isa = PBXFrameworksBuildPhase;
			buildActionMask = 2147483647;
			files = (
			);
			runOnlyForDeploymentPostprocessing = 0;
		};
/* End PBXFrameworksBuildPhase section */

/* Begin PBXGroup section */
		CC44B07F1DC7B6DB0055E7EA = {
			isa = PBXGroup;
			children = (
				CC44B08A1DC7B6DB0055E7EA /* Notes */,
				CC44B0891DC7B6DB0055E7EA /* Products */,
			);
			sourceTree = "<group>";
		};
		CC44B0891DC7B6DB0055E7EA /* Products */ = {
			isa = PBXGroup;
			children = (
				CC44B0881DC7B6DB0055E7EA /* Notes.app */,
			);
			name = Products;
			sourceTree = "<group>";
		};
		CC44B08A1DC7B6DB0055E7EA /* Notes */ = {
			isa = PBXGroup;
			children = (
				CC44B09D1DC7B72C0055E7EA /* Application Delegate */,
				CC44B09F1DC7B72C0055E7EA /* View Controllers */,
				CC44B0A41DC7B72C0055E7EA /* Storyboards */,
				CC647E9B1DCB59A9003C872A /* Extensions */,
				CC44B0A21DC7B72C0055E7EA /* Resources */,
				CC44B0B21DC7B9B20055E7EA /* Core Data */,
				CC44B0AF1DC7B7C40055E7EA /* Managers */,
				CC44B0A71DC7B72C0055E7EA /* Supporting Files */,
			);
			path = Notes;
			sourceTree = "<group>";
		};
		CC44B09D1DC7B72C0055E7EA /* Application Delegate */ = {
			isa = PBXGroup;
			children = (
				CC44B09E1DC7B72C0055E7EA /* AppDelegate.swift */,
			);
			path = "Application Delegate";
			sourceTree = "<group>";
		};
		CC44B09F1DC7B72C0055E7EA /* View Controllers */ = {
			isa = PBXGroup;
			children = (
				CCED55F71DCDB92200D3E951 /* Tags */,
				CC647E7F1DCB4D2A003C872A /* Notes */,
				CC647E8C1DCB4DC5003C872A /* Categories */,
			);
			path = "View Controllers";
			sourceTree = "<group>";
		};
		CC44B0A21DC7B72C0055E7EA /* Resources */ = {
			isa = PBXGroup;
			children = (
				CC44B0A31DC7B72C0055E7EA /* Assets.xcassets */,
			);
			path = Resources;
			sourceTree = "<group>";
		};
		CC44B0A41DC7B72C0055E7EA /* Storyboards */ = {
			isa = PBXGroup;
			children = (
				CCED56041DCDBD4100D3E951 /* Tags.storyboard */,
				CC44B0A61DC7B72C0055E7EA /* Notes.storyboard */,
				CC647E991DCB4EF6003C872A /* Categories.storyboard */,
				CC44B0A51DC7B72C0055E7EA /* LaunchScreen.storyboard */,
			);
			path = Storyboards;
			sourceTree = "<group>";
		};
		CC44B0A71DC7B72C0055E7EA /* Supporting Files */ = {
			isa = PBXGroup;
			children = (
				CC44B0A81DC7B72C0055E7EA /* Info.plist */,
			);
			path = "Supporting Files";
			sourceTree = "<group>";
		};
		CC44B0AF1DC7B7C40055E7EA /* Managers */ = {
			isa = PBXGroup;
			children = (
				CC44B0B01DC7B7E10055E7EA /* CoreDataManager.swift */,
			);
			path = Managers;
			sourceTree = "<group>";
		};
		CC44B0B21DC7B9B20055E7EA /* Core Data */ = {
			isa = PBXGroup;
			children = (
				CC44B0B31DC7B9CA0055E7EA /* Notes.xcdatamodeld */,
				CCF53E151DC9F7EA00B4450B /* Extensions */,
			);
			path = "Core Data";
			sourceTree = "<group>";
		};
		CC647E7F1DCB4D2A003C872A /* Notes */ = {
			isa = PBXGroup;
			children = (
				CC647E821DCB4D2A003C872A /* Note View Controller */,
				CC647E841DCB4D2A003C872A /* Notes View Controller */,
				CC647E801DCB4D2A003C872A /* Add Note View Controller */,
			);
			path = Notes;
			sourceTree = "<group>";
		};
		CC647E801DCB4D2A003C872A /* Add Note View Controller */ = {
			isa = PBXGroup;
			children = (
				CC647E811DCB4D2A003C872A /* AddNoteViewController.swift */,
			);
			path = "Add Note View Controller";
			sourceTree = "<group>";
		};
		CC647E821DCB4D2A003C872A /* Note View Controller */ = {
			isa = PBXGroup;
			children = (
				CC647E831DCB4D2A003C872A /* NoteViewController.swift */,
			);
			path = "Note View Controller";
			sourceTree = "<group>";
		};
		CC647E841DCB4D2A003C872A /* Notes View Controller */ = {
			isa = PBXGroup;
			children = (
				CC647E851DCB4D2A003C872A /* NotesViewController.swift */,
				CC647E861DCB4D2A003C872A /* Table View Cells */,
			);
			path = "Notes View Controller";
			sourceTree = "<group>";
		};
		CC647E861DCB4D2A003C872A /* Table View Cells */ = {
			isa = PBXGroup;
			children = (
				CC647E871DCB4D2A003C872A /* NoteTableViewCell.swift */,
			);
			path = "Table View Cells";
			sourceTree = "<group>";
		};
		CC647E8C1DCB4DC5003C872A /* Categories */ = {
			isa = PBXGroup;
			children = (
				CC647E8D1DCB4DF6003C872A /* Category View Controller */,
				CC647E901DCB4E2B003C872A /* Categories View Controller */,
				CC6C13ED1DCC9084001FBC87 /* Add Category View Controller */,
			);
			path = Categories;
			sourceTree = "<group>";
		};
		CC647E8D1DCB4DF6003C872A /* Category View Controller */ = {
			isa = PBXGroup;
			children = (
				CC647E8E1DCB4E20003C872A /* CategoryViewController.swift */,
				CC6C13E61DCC4A07001FBC87 /* Color View Controller */,
			);
			path = "Category View Controller";
			sourceTree = "<group>";
		};
		CC647E901DCB4E2B003C872A /* Categories View Controller */ = {
			isa = PBXGroup;
			children = (
				CC647E911DCB4E4E003C872A /* CategoriesViewController.swift */,
				CC647E931DCB4E6F003C872A /* Table View Cells */,
			);
			path = "Categories View Controller";
			sourceTree = "<group>";
		};
		CC647E931DCB4E6F003C872A /* Table View Cells */ = {
			isa = PBXGroup;
			children = (
				CC647E941DCB4E95003C872A /* CategoryTableViewCell.swift */,
			);
			path = "Table View Cells";
			sourceTree = "<group>";
		};
		CC647E9B1DCB59A9003C872A /* Extensions */ = {
			isa = PBXGroup;
			children = (
				CC647E9E1DCB6E3B003C872A /* UIColor.swift */,
				CC647E9C1DCB59E5003C872A /* UIViewController.swift */,
			);
			path = Extensions;
			sourceTree = "<group>";
		};
		CC6C13E61DCC4A07001FBC87 /* Color View Controller */ = {
			isa = PBXGroup;
			children = (
				CC6C13E71DCC4A2A001FBC87 /* ColorViewController.swift */,
			);
			path = "Color View Controller";
			sourceTree = "<group>";
		};
		CC6C13ED1DCC9084001FBC87 /* Add Category View Controller */ = {
			isa = PBXGroup;
			children = (
				CC6C13EE1DCC9084001FBC87 /* AddCategoryViewController.swift */,
			);
			path = "Add Category View Controller";
			sourceTree = "<group>";
		};
		CCED55F71DCDB92200D3E951 /* Tags */ = {
			isa = PBXGroup;
			children = (
				CCED55FB1DCDB9CD00D3E951 /* Tag View Controller */,
				CCED55F81DCDB96900D3E951 /* Tags View Controller */,
				CCED55FE1DCDBA2B00D3E951 /* Add Tag View Controller */,
			);
			path = Tags;
			sourceTree = "<group>";
		};
		CCED55F81DCDB96900D3E951 /* Tags View Controller */ = {
			isa = PBXGroup;
			children = (
				CCED55F91DCDB98400D3E951 /* TagsViewController.swift */,
				CCED56011DCDBACD00D3E951 /* Table View Cells */,
			);
			path = "Tags View Controller";
			sourceTree = "<group>";
		};
		CCED55FB1DCDB9CD00D3E951 /* Tag View Controller */ = {
			isa = PBXGroup;
			children = (
				CCED55FC1DCDB9E400D3E951 /* TagViewController.swift */,
			);
			path = "Tag View Controller";
			sourceTree = "<group>";
		};
		CCED55FE1DCDBA2B00D3E951 /* Add Tag View Controller */ = {
			isa = PBXGroup;
			children = (
				CCED55FF1DCDBA4900D3E951 /* AddTagViewController.swift */,
			);
			path = "Add Tag View Controller";
			sourceTree = "<group>";
		};
		CCED56011DCDBACD00D3E951 /* Table View Cells */ = {
			isa = PBXGroup;
			children = (
				CCED56021DCDBAF800D3E951 /* TagTableViewCell.swift */,
			);
			path = "Table View Cells";
			sourceTree = "<group>";
		};
		CCF53E151DC9F7EA00B4450B /* Extensions */ = {
			isa = PBXGroup;
			children = (
				CCF53E161DC9F80700B4450B /* Note.swift */,
				CC6C13EB1DCC82D4001FBC87 /* Category.swift */,
			);
			path = Extensions;
			sourceTree = "<group>";
		};
/* End PBXGroup section */

/* Begin PBXNativeTarget section */
		CC44B0871DC7B6DB0055E7EA /* Notes */ = {
			isa = PBXNativeTarget;
			buildConfigurationList = CC44B09A1DC7B6DB0055E7EA /* Build configuration list for PBXNativeTarget "Notes" */;
			buildPhases = (
				CC44B0841DC7B6DB0055E7EA /* Sources */,
				CC44B0851DC7B6DB0055E7EA /* Frameworks */,
				CC44B0861DC7B6DB0055E7EA /* Resources */,
			);
			buildRules = (
			);
			dependencies = (
			);
			name = Notes;
			productName = Notes;
			productReference = CC44B0881DC7B6DB0055E7EA /* Notes.app */;
			productType = "com.apple.product-type.application";
		};
/* End PBXNativeTarget section */

/* Begin PBXProject section */
		CC44B0801DC7B6DB0055E7EA /* Project object */ = {
			isa = PBXProject;
			attributes = {
				LastSwiftUpdateCheck = 0810;
				LastUpgradeCheck = 0810;
				ORGANIZATIONNAME = Cocoacasts;
				TargetAttributes = {
					CC44B0871DC7B6DB0055E7EA = {
						CreatedOnToolsVersion = 8.1;
						DevelopmentTeam = 2493UGBPKJ;
						ProvisioningStyle = Automatic;
					};
				};
			};
			buildConfigurationList = CC44B0831DC7B6DB0055E7EA /* Build configuration list for PBXProject "Notes" */;
			compatibilityVersion = "Xcode 3.2";
			developmentRegion = English;
			hasScannedForEncodings = 0;
			knownRegions = (
				en,
				Base,
			);
			mainGroup = CC44B07F1DC7B6DB0055E7EA;
			productRefGroup = CC44B0891DC7B6DB0055E7EA /* Products */;
			projectDirPath = "";
			projectRoot = "";
			targets = (
				CC44B0871DC7B6DB0055E7EA /* Notes */,
			);
		};
/* End PBXProject section */

/* Begin PBXResourcesBuildPhase section */
		CC44B0861DC7B6DB0055E7EA /* Resources */ = {
			isa = PBXResourcesBuildPhase;
			buildActionMask = 2147483647;
			files = (
				CC44B0AD1DC7B72C0055E7EA /* Notes.storyboard in Resources */,
				CCED56051DCDBD4100D3E951 /* Tags.storyboard in Resources */,
				CC44B0AB1DC7B72C0055E7EA /* Assets.xcassets in Resources */,
				CC647E9A1DCB4EF6003C872A /* Categories.storyboard in Resources */,
				CC44B0AC1DC7B72C0055E7EA /* LaunchScreen.storyboard in Resources */,
			);
			runOnlyForDeploymentPostprocessing = 0;
		};
/* End PBXResourcesBuildPhase section */

/* Begin PBXSourcesBuildPhase section */
		CC44B0841DC7B6DB0055E7EA /* Sources */ = {
			isa = PBXSourcesBuildPhase;
			buildActionMask = 2147483647;
			files = (
				CC6C13EF1DCC9084001FBC87 /* AddCategoryViewController.swift in Sources */,
				CC44B0B11DC7B7E10055E7EA /* CoreDataManager.swift in Sources */,
				CC647E9F1DCB6E3B003C872A /* UIColor.swift in Sources */,
				CCF53E171DC9F80700B4450B /* Note.swift in Sources */,
				CC44B0A91DC7B72C0055E7EA /* AppDelegate.swift in Sources */,
				CCED55FA1DCDB98400D3E951 /* TagsViewController.swift in Sources */,
				CCED56001DCDBA4900D3E951 /* AddTagViewController.swift in Sources */,
				CC647E8B1DCB4D2A003C872A /* NoteTableViewCell.swift in Sources */,
				CC647E921DCB4E4E003C872A /* CategoriesViewController.swift in Sources */,
				CC647E8A1DCB4D2A003C872A /* NotesViewController.swift in Sources */,
				CC6C13EC1DCC82D4001FBC87 /* Category.swift in Sources */,
				CC647E951DCB4E95003C872A /* CategoryTableViewCell.swift in Sources */,
				CC647E9D1DCB59E5003C872A /* UIViewController.swift in Sources */,
				CC647E881DCB4D2A003C872A /* AddNoteViewController.swift in Sources */,
				CC647E891DCB4D2A003C872A /* NoteViewController.swift in Sources */,
				CC647E8F1DCB4E20003C872A /* CategoryViewController.swift in Sources */,
				CCED56031DCDBAF800D3E951 /* TagTableViewCell.swift in Sources */,
				CCED55FD1DCDB9E400D3E951 /* TagViewController.swift in Sources */,
				CC6C13E81DCC4A2A001FBC87 /* ColorViewController.swift in Sources */,
				CC44B0B51DC7B9CA0055E7EA /* Notes.xcdatamodeld in Sources */,
			);
			runOnlyForDeploymentPostprocessing = 0;
		};
/* End PBXSourcesBuildPhase section */

/* Begin XCBuildConfiguration section */
		CC44B0981DC7B6DB0055E7EA /* Debug */ = {
			isa = XCBuildConfiguration;
			buildSettings = {
				ALWAYS_SEARCH_USER_PATHS = NO;
				CLANG_ANALYZER_NONNULL = YES;
				CLANG_CXX_LANGUAGE_STANDARD = "gnu++0x";
				CLANG_CXX_LIBRARY = "libc++";
				CLANG_ENABLE_MODULES = YES;
				CLANG_ENABLE_OBJC_ARC = YES;
				CLANG_WARN_BOOL_CONVERSION = YES;
				CLANG_WARN_CONSTANT_CONVERSION = YES;
				CLANG_WARN_DIRECT_OBJC_ISA_USAGE = YES_ERROR;
				CLANG_WARN_DOCUMENTATION_COMMENTS = YES;
				CLANG_WARN_EMPTY_BODY = YES;
				CLANG_WARN_ENUM_CONVERSION = YES;
				CLANG_WARN_INFINITE_RECURSION = YES;
				CLANG_WARN_INT_CONVERSION = YES;
				CLANG_WARN_OBJC_ROOT_CLASS = YES_ERROR;
				CLANG_WARN_SUSPICIOUS_MOVES = YES;
				CLANG_WARN_UNREACHABLE_CODE = YES;
				CLANG_WARN__DUPLICATE_METHOD_MATCH = YES;
				"CODE_SIGN_IDENTITY[sdk=iphoneos*]" = "iPhone Developer";
				COPY_PHASE_STRIP = NO;
				DEBUG_INFORMATION_FORMAT = dwarf;
				ENABLE_STRICT_OBJC_MSGSEND = YES;
				ENABLE_TESTABILITY = YES;
				GCC_C_LANGUAGE_STANDARD = gnu99;
				GCC_DYNAMIC_NO_PIC = NO;
				GCC_NO_COMMON_BLOCKS = YES;
				GCC_OPTIMIZATION_LEVEL = 0;
				GCC_PREPROCESSOR_DEFINITIONS = (
					"DEBUG=1",
					"$(inherited)",
				);
				GCC_WARN_64_TO_32_BIT_CONVERSION = YES;
				GCC_WARN_ABOUT_RETURN_TYPE = YES_ERROR;
				GCC_WARN_UNDECLARED_SELECTOR = YES;
				GCC_WARN_UNINITIALIZED_AUTOS = YES_AGGRESSIVE;
				GCC_WARN_UNUSED_FUNCTION = YES;
				GCC_WARN_UNUSED_VARIABLE = YES;
				IPHONEOS_DEPLOYMENT_TARGET = 10.1;
				MTL_ENABLE_DEBUG_INFO = YES;
				ONLY_ACTIVE_ARCH = YES;
				SDKROOT = iphoneos;
				SWIFT_ACTIVE_COMPILATION_CONDITIONS = DEBUG;
				SWIFT_OPTIMIZATION_LEVEL = "-Onone";
			};
			name = Debug;
		};
		CC44B0991DC7B6DB0055E7EA /* Release */ = {
			isa = XCBuildConfiguration;
			buildSettings = {
				ALWAYS_SEARCH_USER_PATHS = NO;
				CLANG_ANALYZER_NONNULL = YES;
				CLANG_CXX_LANGUAGE_STANDARD = "gnu++0x";
				CLANG_CXX_LIBRARY = "libc++";
				CLANG_ENABLE_MODULES = YES;
				CLANG_ENABLE_OBJC_ARC = YES;
				CLANG_WARN_BOOL_CONVERSION = YES;
				CLANG_WARN_CONSTANT_CONVERSION = YES;
				CLANG_WARN_DIRECT_OBJC_ISA_USAGE = YES_ERROR;
				CLANG_WARN_DOCUMENTATION_COMMENTS = YES;
				CLANG_WARN_EMPTY_BODY = YES;
				CLANG_WARN_ENUM_CONVERSION = YES;
				CLANG_WARN_INFINITE_RECURSION = YES;
				CLANG_WARN_INT_CONVERSION = YES;
				CLANG_WARN_OBJC_ROOT_CLASS = YES_ERROR;
				CLANG_WARN_SUSPICIOUS_MOVES = YES;
				CLANG_WARN_UNREACHABLE_CODE = YES;
				CLANG_WARN__DUPLICATE_METHOD_MATCH = YES;
				"CODE_SIGN_IDENTITY[sdk=iphoneos*]" = "iPhone Developer";
				COPY_PHASE_STRIP = NO;
				DEBUG_INFORMATION_FORMAT = "dwarf-with-dsym";
				ENABLE_NS_ASSERTIONS = NO;
				ENABLE_STRICT_OBJC_MSGSEND = YES;
				GCC_C_LANGUAGE_STANDARD = gnu99;
				GCC_NO_COMMON_BLOCKS = YES;
				GCC_WARN_64_TO_32_BIT_CONVERSION = YES;
				GCC_WARN_ABOUT_RETURN_TYPE = YES_ERROR;
				GCC_WARN_UNDECLARED_SELECTOR = YES;
				GCC_WARN_UNINITIALIZED_AUTOS = YES_AGGRESSIVE;
				GCC_WARN_UNUSED_FUNCTION = YES;
				GCC_WARN_UNUSED_VARIABLE = YES;
				IPHONEOS_DEPLOYMENT_TARGET = 10.1;
				MTL_ENABLE_DEBUG_INFO = NO;
				SDKROOT = iphoneos;
				SWIFT_OPTIMIZATION_LEVEL = "-Owholemodule";
				VALIDATE_PRODUCT = YES;
			};
			name = Release;
		};
		CC44B09B1DC7B6DB0055E7EA /* Debug */ = {
			isa = XCBuildConfiguration;
			buildSettings = {
				ASSETCATALOG_COMPILER_APPICON_NAME = AppIcon;
				DEVELOPMENT_TEAM = 2493UGBPKJ;
				INFOPLIST_FILE = "Notes/Supporting Files/Info.plist";
				LD_RUNPATH_SEARCH_PATHS = "$(inherited) @executable_path/Frameworks";
				PRODUCT_BUNDLE_IDENTIFIER = com.cocoacasts.Notes;
				PRODUCT_NAME = "$(TARGET_NAME)";
				SWIFT_VERSION = 3.0;
			};
			name = Debug;
		};
		CC44B09C1DC7B6DB0055E7EA /* Release */ = {
			isa = XCBuildConfiguration;
			buildSettings = {
				ASSETCATALOG_COMPILER_APPICON_NAME = AppIcon;
				DEVELOPMENT_TEAM = 2493UGBPKJ;
				INFOPLIST_FILE = "Notes/Supporting Files/Info.plist";
				LD_RUNPATH_SEARCH_PATHS = "$(inherited) @executable_path/Frameworks";
				PRODUCT_BUNDLE_IDENTIFIER = com.cocoacasts.Notes;
				PRODUCT_NAME = "$(TARGET_NAME)";
				SWIFT_VERSION = 3.0;
			};
			name = Release;
		};
/* End XCBuildConfiguration section */

/* Begin XCConfigurationList section */
		CC44B0831DC7B6DB0055E7EA /* Build configuration list for PBXProject "Notes" */ = {
			isa = XCConfigurationList;
			buildConfigurations = (
				CC44B0981DC7B6DB0055E7EA /* Debug */,
				CC44B0991DC7B6DB0055E7EA /* Release */,
			);
			defaultConfigurationIsVisible = 0;
			defaultConfigurationName = Release;
		};
		CC44B09A1DC7B6DB0055E7EA /* Build configuration list for PBXNativeTarget "Notes" */ = {
			isa = XCConfigurationList;
			buildConfigurations = (
				CC44B09B1DC7B6DB0055E7EA /* Debug */,
				CC44B09C1DC7B6DB0055E7EA /* Release */,
			);
			defaultConfigurationIsVisible = 0;
			defaultConfigurationName = Release;
		};
/* End XCConfigurationList section */

/* Begin XCVersionGroup section */
		CC44B0B31DC7B9CA0055E7EA /* Notes.xcdatamodeld */ = {
			isa = XCVersionGroup;
			children = (
				CC6C13E91DCC524C001FBC87 /* Notes 2.xcdatamodel */,
				CC44B0B41DC7B9CA0055E7EA /* Notes.xcdatamodel */,
			);
			currentVersion = CC6C13E91DCC524C001FBC87 /* Notes 2.xcdatamodel */;
			path = Notes.xcdatamodeld;
			sourceTree = "<group>";
			versionGroupType = wrapper.xcdatamodel;
		};
/* End XCVersionGroup section */
	};
	rootObject = CC44B0801DC7B6DB0055E7EA /* Project object */;
}
